
Microsoft Visual Studio Solution File, Format Version 12.00
# Visual Studio Version 17
VisualStudioVersion = 17.8.34511.84
MinimumVisualStudioVersion = 10.0.40219.1
Project("{FAE04EC0-301F-11D3-BF4B-00C04F79EFBC}") = "Practica ISP", "Practica ISP\Practica ISP.csproj", "{EF18D05B-2AF0-4038-90F3-EE31E0EFFBC9}"
EndProject
Global
	GlobalSection(SolutionConfigurationPlatforms) = preSolution
		Debug|Any CPU = Debug|Any CPU
		Release|Any CPU = Release|Any CPU
	EndGlobalSection
	GlobalSection(ProjectConfigurationPlatforms) = postSolution
		{EF18D05B-2AF0-4038-90F3-EE31E0EFFBC9}.Debug|Any CPU.ActiveCfg = Debug|Any CPU
		{EF18D05B-2AF0-4038-90F3-EE31E0EFFBC9}.Debug|Any CPU.Build.0 = Debug|Any CPU
		{EF18D05B-2AF0-4038-90F3-EE31E0EFFBC9}.Release|Any CPU.ActiveCfg = Release|Any CPU
		{EF18D05B-2AF0-4038-90F3-EE31E0EFFBC9}.Release|Any CPU.Build.0 = Release|Any CPU
	EndGlobalSection
	GlobalSection(SolutionProperties) = preSolution
		HideSolutionNode = FALSE
	EndGlobalSection
	GlobalSection(ExtensibilityGlobals) = postSolution
		SolutionGuid = {BA067434-F3D5-4E24-8B8B-A16D1A2F06AA}
	EndGlobalSection
EndGlobal
